
Microsoft Visual Studio Solution File, Format Version 12.00
# Visual Studio Version 16
VisualStudioVersion = 16.0.31702.278
MinimumVisualStudioVersion = 10.0.40219.1
Project("{FAE04EC0-301F-11D3-BF4B-00C04F79EFBC}") = "task", "task\task.csproj", "{CEE9435D-7312-4C3C-B401-6F008F0EFE14}"
EndProject
Global
	GlobalSection(SolutionConfigurationPlatforms) = preSolution
		Debug|Any CPU = Debug|Any CPU
		Release|Any CPU = Release|Any CPU
	EndGlobalSection
	GlobalSection(ProjectConfigurationPlatforms) = postSolution
		{CEE9435D-7312-4C3C-B401-6F008F0EFE14}.Debug|Any CPU.ActiveCfg = Debug|Any CPU
		{CEE9435D-7312-4C3C-B401-6F008F0EFE14}.Debug|Any CPU.Build.0 = Debug|Any CPU
		{CEE9435D-7312-4C3C-B401-6F008F0EFE14}.Release|Any CPU.ActiveCfg = Release|Any CPU
		{CEE9435D-7312-4C3C-B401-6F008F0EFE14}.Release|Any CPU.Build.0 = Release|Any CPU
	EndGlobalSection
	GlobalSection(SolutionProperties) = preSolution
		HideSolutionNode = FALSE
	EndGlobalSection
	GlobalSection(ExtensibilityGlobals) = postSolution
		SolutionGuid = {70DC9D4C-E54C-43B8-8CEA-4AE2FDCA5442}
	EndGlobalSection
EndGlobal
